
Microsoft Visual Studio Solution File, Format Version 12.00
# Visual Studio Version 17
VisualStudioVersion = 17.14.36408.4 d17.14
MinimumVisualStudioVersion = 10.0.40219.1
Project("{FAE04EC0-301F-11D3-BF4B-00C04F79EFBC}") = "MarsAdvanced", "MarsAdvanced.csproj", "{FC6AB0C7-0A32-4AC7-9D1C-7C58B99E7C28}"
EndProject
Global
	GlobalSection(SolutionConfigurationPlatforms) = preSolution
		Debug|Any CPU = Debug|Any CPU
		Release|Any CPU = Release|Any CPU
	EndGlobalSection
	GlobalSection(ProjectConfigurationPlatforms) = postSolution
		{FC6AB0C7-0A32-4AC7-9D1C-7C58B99E7C28}.Debug|Any CPU.ActiveCfg = Debug|Any CPU
		{FC6AB0C7-0A32-4AC7-9D1C-7C58B99E7C28}.Debug|Any CPU.Build.0 = Debug|Any CPU
		{FC6AB0C7-0A32-4AC7-9D1C-7C58B99E7C28}.Release|Any CPU.ActiveCfg = Release|Any CPU
		{FC6AB0C7-0A32-4AC7-9D1C-7C58B99E7C28}.Release|Any CPU.Build.0 = Release|Any CPU
	EndGlobalSection
	GlobalSection(SolutionProperties) = preSolution
		HideSolutionNode = FALSE
	EndGlobalSection
	GlobalSection(ExtensibilityGlobals) = postSolution
		SolutionGuid = {BAFDE928-9D23-4975-882E-C2A041248120}
	EndGlobalSection
EndGlobal
